<?xml version="1.0" encoding="utf-8"?>
<Project ToolsVersion="4.0" xmlns="http://schemas.microsoft.com/developer/msbuild/2003">
  <ItemGroup>
    <Filter Include="소스 파일">
      <UniqueIdentifier>{4FC737F1-C7A5-4376-A066-2A32D752A2FF}</UniqueIdentifier>
      <Extensions>cpp;c;cc;cxx;c++;cppm;ixx;def;odl;idl;hpj;bat;asm;asmx</Extensions>
    </Filter>
    <Filter Include="Framework">
      <UniqueIdentifier>{b31e3d74-f249-4db3-b116-d68021f00c3f}</UniqueIdentifier>
    </Filter>
    <Filter Include="Framework\Object">
      <UniqueIdentifier>{a9852d7a-9af9-4120-868f-f8445de44028}</UniqueIdentifier>
    </Filter>
    <Filter Include="Framework\Camera">
      <UniqueIdentifier>{0f83723e-e2f9-4822-8274-8f273923843d}</UniqueIdentifier>
    </Filter>
    <Filter Include="소스 파일\Network">
      <UniqueIdentifier>{6ef7c37e-ac97-46c5-8e63-2af93862dff3}</UniqueIdentifier>
    </Filter>
    <Filter Include="소스 파일\Player">
      <UniqueIdentifier>{ddd5fd3a-109a-42f8-a01b-a4fba5c26f6d}</UniqueIdentifier>
    </Filter>
    <Filter Include="소스 파일\Network\Handler">
      <UniqueIdentifier>{7176e739-e14b-44f1-84d3-3cc4e342a16e}</UniqueIdentifier>
    </Filter>
    <Filter Include="Framework\Scene">
      <UniqueIdentifier>{fa7db335-1417-4871-89d1-8aebaa8f54fe}</UniqueIdentifier>
    </Filter>
    <Filter Include="Framework\UI">
      <UniqueIdentifier>{846965d4-a173-47bc-ba25-2fbfa9c3421c}</UniqueIdentifier>
    </Filter>
    <Filter Include="Framework\System">
      <UniqueIdentifier>{702d6966-e3a9-4487-ad52-64547e6fad2b}</UniqueIdentifier>
    </Filter>
  </ItemGroup>
  <ItemGroup>
    <ClInclude Include="Framework.h">
      <Filter>Framework</Filter>
    </ClInclude>
    <ClInclude Include="Object.h">
      <Filter>Framework\Object</Filter>
    </ClInclude>
    <ClInclude Include="Camera.h">
      <Filter>Framework\Camera</Filter>
    </ClInclude>
    <ClInclude Include="pch.h">
      <Filter>소스 파일</Filter>
    </ClInclude>
    <ClInclude Include="NetworkManager.h">
      <Filter>소스 파일\Network</Filter>
    </ClInclude>
    <ClInclude Include="Player.h">
      <Filter>소스 파일\Player</Filter>
    </ClInclude>
    <ClInclude Include="Scene.h">
      <Filter>Framework\Scene</Filter>
    </ClInclude>
    <ClInclude Include="UIBase.h">
      <Filter>Framework\UI</Filter>
    </ClInclude>
    <ClInclude Include="Key.h">
      <Filter>Framework\System</Filter>
    </ClInclude>
    <ClInclude Include="Renderer.h">
      <Filter>Framework</Filter>
    </ClInclude>
    <ClInclude Include="Resource.h">
      <Filter>Framework\System</Filter>
    </ClInclude>
    <ClInclude Include="Asset.h">
      <Filter>Framework\System</Filter>
    </ClInclude>
    <ClInclude Include="Image.h">
      <Filter>Framework\System</Filter>
    </ClInclude>
    <ClInclude Include="Time.h">
      <Filter>Framework\System</Filter>
    </ClInclude>
    <ClInclude Include="BaseHandler.h">
      <Filter>Framework</Filter>
    </ClInclude>
    <ClInclude Include="IHandlerFactory.h">
      <Filter>Framework</Filter>
    </ClInclude>
    <ClInclude Include="ICreator.h">
      <Filter>Framework</Filter>
    </ClInclude>
    <ClInclude Include="IFactory.h">
      <Filter>Framework</Filter>
    </ClInclude>
    <ClInclude Include="HandlerFactory.h">
      <Filter>소스 파일\Network\Handler</Filter>
    </ClInclude>
    <ClInclude Include="ChattingEventHandler.h">
      <Filter>소스 파일\Network\Handler</Filter>
    </ClInclude>
    <ClInclude Include="EventHandlers.h">
      <Filter>소스 파일\Network\Handler</Filter>
    </ClInclude>
    <ClInclude Include="Label.h">
      <Filter>Framework\UI</Filter>
    </ClInclude>
    <ClInclude Include="UIManager.h">
      <Filter>Framework\UI</Filter>
    </ClInclude>
    <ClInclude Include="Singleton.h">
      <Filter>Framework\System</Filter>
    </ClInclude>
    <ClInclude Include="Window.h">
      <Filter>Framework\UI</Filter>
    </ClInclude>
  </ItemGroup>
  <ItemGroup>
    <ClCompile Include="main.cpp">
      <Filter>소스 파일</Filter>
    </ClCompile>
    <ClCompile Include="pch.cpp">
      <Filter>소스 파일</Filter>
    </ClCompile>
    <ClCompile Include="Framework.cpp">
      <Filter>Framework</Filter>
    </ClCompile>
    <ClCompile Include="Object.cpp">
      <Filter>Framework\Object</Filter>
    </ClCompile>
    <ClCompile Include="Camera.cpp">
      <Filter>Framework\Camera</Filter>
    </ClCompile>
    <ClCompile Include="NetworkManager.cpp">
      <Filter>소스 파일\Network</Filter>
    </ClCompile>
    <ClCompile Include="Player.cpp">
      <Filter>소스 파일\Player</Filter>
    </ClCompile>
    <ClCompile Include="Scene.cpp">
      <Filter>Framework\Scene</Filter>
    </ClCompile>
    <ClCompile Include="UIBase.cpp">
      <Filter>Framework\UI</Filter>
    </ClCompile>
    <ClCompile Include="Key.cpp">
      <Filter>Framework\System</Filter>
    </ClCompile>
    <ClCompile Include="Renderer.cpp">
      <Filter>Framework</Filter>
    </ClCompile>
    <ClCompile Include="Resource.cpp">
      <Filter>Framework\System</Filter>
    </ClCompile>
    <ClCompile Include="Asset.cpp">
      <Filter>Framework\System</Filter>
    </ClCompile>
    <ClCompile Include="Image.cpp">
      <Filter>Framework\System</Filter>
    </ClCompile>
    <ClCompile Include="Time.cpp">
      <Filter>Framework\System</Filter>
    </ClCompile>
    <ClCompile Include="BaseHandler.cpp">
      <Filter>Framework</Filter>
    </ClCompile>
    <ClCompile Include="IHandlerFactory.cpp">
      <Filter>Framework</Filter>
    </ClCompile>
    <ClCompile Include="HandlerFactory.cpp">
      <Filter>소스 파일\Network\Handler</Filter>
    </ClCompile>
    <ClCompile Include="ChattingEventHandler.cpp">
      <Filter>소스 파일\Network\Handler</Filter>
    </ClCompile>
    <ClCompile Include="Label.cpp">
      <Filter>Framework\UI</Filter>
    </ClCompile>
    <ClCompile Include="UIManager.cpp">
      <Filter>Framework\UI</Filter>
    </ClCompile>
    <ClCompile Include="Singleton.cpp">
      <Filter>Framework\System</Filter>
    </ClCompile>
    <ClCompile Include="Window.cpp">
      <Filter>Framework\UI</Filter>
    </ClCompile>
  </ItemGroup>
</Project>