<?xml version="1.0" encoding="utf-8"?>
<Project ToolsVersion="4.0" xmlns="http://schemas.microsoft.com/developer/msbuild/2003">
  <ItemGroup>
    <Filter Include="소스 파일">
      <UniqueIdentifier>{4FC737F1-C7A5-4376-A066-2A32D752A2FF}</UniqueIdentifier>
      <Extensions>cpp;c;cc;cxx;c++;cppm;ixx;def;odl;idl;hpj;bat;asm;asmx</Extensions>
    </Filter>
    <Filter Include="헤더 파일">
      <UniqueIdentifier>{93995380-89BD-4b04-88EB-625FBE52EBFB}</UniqueIdentifier>
      <Extensions>h;hh;hpp;hxx;h++;hm;inl;inc;ipp;xsd</Extensions>
    </Filter>
    <Filter Include="리소스 파일">
      <UniqueIdentifier>{67DA6AB6-F800-4c08-8B7A-83BB121AAD01}</UniqueIdentifier>
      <Extensions>rc;ico;cur;bmp;dlg;rc2;rct;bin;rgs;gif;jpg;jpeg;jpe;resx;tiff;tif;png;wav;mfcribbon-ms</Extensions>
    </Filter>
    <Filter Include="헤더 파일\lua">
      <UniqueIdentifier>{83efb508-dba7-4716-b9d7-14405138aa42}</UniqueIdentifier>
    </Filter>
    <Filter Include="Framework">
      <UniqueIdentifier>{8f1aadde-e3bf-445e-89e5-f2da8fa894ac}</UniqueIdentifier>
    </Filter>
    <Filter Include="Framework\Peer">
      <UniqueIdentifier>{a6bbec3a-fcf6-4671-aaf1-e8e83751e144}</UniqueIdentifier>
    </Filter>
    <Filter Include="Framework\Packet">
      <UniqueIdentifier>{20bed9a5-6efd-43d8-9a0f-7c513e4229e7}</UniqueIdentifier>
    </Filter>
    <Filter Include="Framework\Server">
      <UniqueIdentifier>{ebc97cb8-3d29-4562-838c-66f57404cb2c}</UniqueIdentifier>
    </Filter>
    <Filter Include="Framework\Util">
      <UniqueIdentifier>{eae973cc-60ba-42f3-9124-492e0bb7aa6a}</UniqueIdentifier>
    </Filter>
    <Filter Include="Framework\RequestHandler">
      <UniqueIdentifier>{99d36e55-ac47-47b2-b680-1ade2a7ac04a}</UniqueIdentifier>
    </Filter>
    <Filter Include="Framework\Util\Log">
      <UniqueIdentifier>{2e7dfe01-8f01-45ea-b7e3-94ed68db3807}</UniqueIdentifier>
    </Filter>
    <Filter Include="Framework\Util\Pool">
      <UniqueIdentifier>{8cf90ca7-f331-4aa1-8586-f611886f9b93}</UniqueIdentifier>
    </Filter>
    <Filter Include="Framework\RequestHandler\Handler">
      <UniqueIdentifier>{afa4b1ce-d91f-4894-8d98-11f6728ab8ce}</UniqueIdentifier>
    </Filter>
    <Filter Include="Client">
      <UniqueIdentifier>{2a4ac455-56ed-4fbe-bba8-bfcbb9d0e003}</UniqueIdentifier>
    </Filter>
    <Filter Include="Client\RequestHandlers">
      <UniqueIdentifier>{76a5e135-2f50-47bd-8838-5d2be2347c73}</UniqueIdentifier>
    </Filter>
    <Filter Include="Client\RequestHandlers\Handlers">
      <UniqueIdentifier>{a958b4da-2117-44e3-8a5d-ac6d15af7f3e}</UniqueIdentifier>
    </Filter>
    <Filter Include="Client\System">
      <UniqueIdentifier>{d41f9fb9-1e9d-4e71-9056-ec5c2a115dc0}</UniqueIdentifier>
    </Filter>
  </ItemGroup>
  <ItemGroup>
    <ClCompile Include="CServer.cpp">
      <Filter>소스 파일</Filter>
    </ClCompile>
    <ClCompile Include="main.cpp">
      <Filter>소스 파일</Filter>
    </ClCompile>
    <ClCompile Include="ClientPeer.cpp">
      <Filter>Framework\Peer</Filter>
    </ClCompile>
    <ClCompile Include="BaseServer.cpp">
      <Filter>Framework\Server</Filter>
    </ClCompile>
    <ClCompile Include="stdafx.cpp">
      <Filter>소스 파일</Filter>
    </ClCompile>
    <ClCompile Include="Logger.cpp">
      <Filter>Framework\Util\Log</Filter>
    </ClCompile>
    <ClCompile Include="BaseRequestHandlerFactory.cpp">
      <Filter>Framework\RequestHandler</Filter>
    </ClCompile>
    <ClCompile Include="Statics.cpp">
      <Filter>Framework\Util</Filter>
    </ClCompile>
    <ClCompile Include="BaseRequestHandler.cpp">
      <Filter>Framework\RequestHandler\Handler</Filter>
    </ClCompile>
    <ClCompile Include="LoginRequestHandler.cpp">
      <Filter>Client\RequestHandlers\Handlers</Filter>
    </ClCompile>
    <ClCompile Include="RequestHandlerFactory.cpp">
      <Filter>Client\RequestHandlers</Filter>
    </ClCompile>
    <ClCompile Include="User.cpp">
      <Filter>Client</Filter>
    </ClCompile>
    <ClCompile Include="MoveRequestHandler.cpp">
      <Filter>Client\RequestHandlers\Handlers</Filter>
    </ClCompile>
    <ClCompile Include="Peer.cpp">
      <Filter>Framework\Peer</Filter>
    </ClCompile>
    <ClCompile Include="TeleportRequestHandler.cpp">
      <Filter>Client\RequestHandlers\Handlers</Filter>
    </ClCompile>
    <ClCompile Include="IHandlerFactory.cpp">
      <Filter>Framework\RequestHandler</Filter>
    </ClCompile>
    <ClCompile Include="RequestHandler.cpp">
      <Filter>Client\RequestHandlers</Filter>
    </ClCompile>
    <ClCompile Include="DBConnector.cpp">
      <Filter>Client\System</Filter>
    </ClCompile>
    <ClCompile Include="DBWorker.cpp">
      <Filter>Client\System</Filter>
    </ClCompile>
  </ItemGroup>
  <ItemGroup>
    <ClInclude Include="protocol.h">
      <Filter>헤더 파일</Filter>
    </ClInclude>
    <ClInclude Include="include\lauxlib.h">
      <Filter>헤더 파일\lua</Filter>
    </ClInclude>
    <ClInclude Include="include\lua.h">
      <Filter>헤더 파일\lua</Filter>
    </ClInclude>
    <ClInclude Include="include\lualib.h">
      <Filter>헤더 파일\lua</Filter>
    </ClInclude>
    <ClInclude Include="CServer.h">
      <Filter>헤더 파일</Filter>
    </ClInclude>
    <ClInclude Include="ClientPeer.h">
      <Filter>Framework\Peer</Filter>
    </ClInclude>
    <ClInclude Include="IPeer.h">
      <Filter>Framework\Peer</Filter>
    </ClInclude>
    <ClInclude Include="BaseServer.h">
      <Filter>Framework\Server</Filter>
    </ClInclude>
    <ClInclude Include="BasePacket.h">
      <Filter>Framework\Packet</Filter>
    </ClInclude>
    <ClInclude Include="Packets.h">
      <Filter>헤더 파일</Filter>
    </ClInclude>
    <ClInclude Include="stdafx.h">
      <Filter>헤더 파일</Filter>
    </ClInclude>
    <ClInclude Include="Logger.h">
      <Filter>Framework\Util\Log</Filter>
    </ClInclude>
    <ClInclude Include="ObjectPool.h">
      <Filter>Framework\Util\Pool</Filter>
    </ClInclude>
    <ClInclude Include="BaseRequestHandlerFactory.h">
      <Filter>Framework\RequestHandler</Filter>
    </ClInclude>
    <ClInclude Include="Statics.h">
      <Filter>Framework\Util</Filter>
    </ClInclude>
    <ClInclude Include="BaseRequestHandler.h">
      <Filter>Framework\RequestHandler\Handler</Filter>
    </ClInclude>
    <ClInclude Include="IFactory.h">
      <Filter>Framework\RequestHandler</Filter>
    </ClInclude>
    <ClInclude Include="LoginRequestHandler.h">
      <Filter>Client\RequestHandlers\Handlers</Filter>
    </ClInclude>
    <ClInclude Include="RequestHandlerFactory.h">
      <Filter>Client\RequestHandlers</Filter>
    </ClInclude>
    <ClInclude Include="User.h">
      <Filter>Client</Filter>
    </ClInclude>
    <ClInclude Include="MoveRequestHandler.h">
      <Filter>Client\RequestHandlers\Handlers</Filter>
    </ClInclude>
    <ClInclude Include="Peer.h">
      <Filter>Framework\Peer</Filter>
    </ClInclude>
    <ClInclude Include="TeleportRequestHandler.h">
      <Filter>Client\RequestHandlers\Handlers</Filter>
    </ClInclude>
    <ClInclude Include="RequestHandler.h">
      <Filter>Client\RequestHandlers</Filter>
    </ClInclude>
    <ClInclude Include="IHandlerFactory.h">
      <Filter>Framework\RequestHandler</Filter>
    </ClInclude>
    <ClInclude Include="DBConnector.h">
      <Filter>Client\System</Filter>
    </ClInclude>
    <ClInclude Include="DBWorker.h">
      <Filter>Client\System</Filter>
    </ClInclude>
  </ItemGroup>
  <ItemGroup>
    <None Include="monster.lua">
      <Filter>리소스 파일</Filter>
    </None>
  </ItemGroup>
</Project>