
Microsoft Visual Studio Solution File, Format Version 12.00
# Visual Studio Version 17
VisualStudioVersion = 17.5.33530.505
MinimumVisualStudioVersion = 10.0.40219.1
Project("{8BC9CEB8-8B4A-11D0-8D11-00A0C91BC942}") = "Client", "Client\Client.vcxproj", "{1A8081E9-45D7-4C8B-9FEF-8A0B2AFE141D}"
EndProject
Project("{8BC9CEB8-8B4A-11D0-8D11-00A0C91BC942}") = "Common", "Common\Common.vcxitems", "{5BDE3144-4A43-440E-8FF9-EE3E9146748D}"
EndProject
Project("{8BC9CEB8-8B4A-11D0-8D11-00A0C91BC942}") = "Server", "Server\Server.vcxproj", "{34899277-860B-4638-A777-881BBB732027}"
EndProject
Project("{8BC9CEB8-8B4A-11D0-8D11-00A0C91BC942}") = "CommonLib", "CommonLib\CommonLib.vcxproj", "{BADD09AB-2B34-436F-8449-9FB10C62C3E4}"
EndProject
Global
	GlobalSection(SolutionConfigurationPlatforms) = preSolution
		Debug|x64 = Debug|x64
		Debug|x86 = Debug|x86
		Release|x64 = Release|x64
		Release|x86 = Release|x86
	EndGlobalSection
	GlobalSection(ProjectConfigurationPlatforms) = postSolution
		{1A8081E9-45D7-4C8B-9FEF-8A0B2AFE141D}.Debug|x64.ActiveCfg = Debug|x64
		{1A8081E9-45D7-4C8B-9FEF-8A0B2AFE141D}.Debug|x64.Build.0 = Debug|x64
		{1A8081E9-45D7-4C8B-9FEF-8A0B2AFE141D}.Debug|x86.ActiveCfg = Debug|Win32
		{1A8081E9-45D7-4C8B-9FEF-8A0B2AFE141D}.Debug|x86.Build.0 = Debug|Win32
		{1A8081E9-45D7-4C8B-9FEF-8A0B2AFE141D}.Release|x64.ActiveCfg = Release|x64
		{1A8081E9-45D7-4C8B-9FEF-8A0B2AFE141D}.Release|x64.Build.0 = Release|x64
		{1A8081E9-45D7-4C8B-9FEF-8A0B2AFE141D}.Release|x86.ActiveCfg = Release|Win32
		{1A8081E9-45D7-4C8B-9FEF-8A0B2AFE141D}.Release|x86.Build.0 = Release|Win32
		{34899277-860B-4638-A777-881BBB732027}.Debug|x64.ActiveCfg = Debug|x64
		{34899277-860B-4638-A777-881BBB732027}.Debug|x64.Build.0 = Debug|x64
		{34899277-860B-4638-A777-881BBB732027}.Debug|x86.ActiveCfg = Debug|Win32
		{34899277-860B-4638-A777-881BBB732027}.Debug|x86.Build.0 = Debug|Win32
		{34899277-860B-4638-A777-881BBB732027}.Release|x64.ActiveCfg = Release|x64
		{34899277-860B-4638-A777-881BBB732027}.Release|x64.Build.0 = Release|x64
		{34899277-860B-4638-A777-881BBB732027}.Release|x86.ActiveCfg = Release|Win32
		{34899277-860B-4638-A777-881BBB732027}.Release|x86.Build.0 = Release|Win32
		{BADD09AB-2B34-436F-8449-9FB10C62C3E4}.Debug|x64.ActiveCfg = Debug|x64
		{BADD09AB-2B34-436F-8449-9FB10C62C3E4}.Debug|x64.Build.0 = Debug|x64
		{BADD09AB-2B34-436F-8449-9FB10C62C3E4}.Debug|x86.ActiveCfg = Debug|Win32
		{BADD09AB-2B34-436F-8449-9FB10C62C3E4}.Debug|x86.Build.0 = Debug|Win32
		{BADD09AB-2B34-436F-8449-9FB10C62C3E4}.Release|x64.ActiveCfg = Release|x64
		{BADD09AB-2B34-436F-8449-9FB10C62C3E4}.Release|x64.Build.0 = Release|x64
		{BADD09AB-2B34-436F-8449-9FB10C62C3E4}.Release|x86.ActiveCfg = Release|Win32
		{BADD09AB-2B34-436F-8449-9FB10C62C3E4}.Release|x86.Build.0 = Release|Win32
	EndGlobalSection
	GlobalSection(SolutionProperties) = preSolution
		HideSolutionNode = FALSE
	EndGlobalSection
	GlobalSection(ExtensibilityGlobals) = postSolution
		SolutionGuid = {8E0737DC-E2EA-4EFB-B678-899259177610}
	EndGlobalSection
EndGlobal
