<?xml version="1.0" encoding="utf-8"?>
<Project ToolsVersion="4.0" xmlns="http://schemas.microsoft.com/developer/msbuild/2003">
  <ItemGroup>
    <Filter Include="소스 파일">
      <UniqueIdentifier>{4FC737F1-C7A5-4376-A066-2A32D752A2FF}</UniqueIdentifier>
      <Extensions>cpp;c;cc;cxx;c++;cppm;ixx;def;odl;idl;hpj;bat;asm;asmx</Extensions>
    </Filter>
    <Filter Include="헤더 파일">
      <UniqueIdentifier>{93995380-89BD-4b04-88EB-625FBE52EBFB}</UniqueIdentifier>
      <Extensions>h;hh;hpp;hxx;h++;hm;inl;inc;ipp;xsd</Extensions>
    </Filter>
    <Filter Include="리소스 파일">
      <UniqueIdentifier>{67DA6AB6-F800-4c08-8B7A-83BB121AAD01}</UniqueIdentifier>
      <Extensions>rc;ico;cur;bmp;dlg;rc2;rct;bin;rgs;gif;jpg;jpeg;jpe;resx;tiff;tif;png;wav;mfcribbon-ms</Extensions>
    </Filter>
    <Filter Include="Body">
      <UniqueIdentifier>{5ed2293d-bc20-4a0e-bfc5-38b397fe33a5}</UniqueIdentifier>
    </Filter>
    <Filter Include="Body\Event">
      <UniqueIdentifier>{61b0efcc-26ed-41f4-b1f8-75982d803d7f}</UniqueIdentifier>
    </Filter>
    <Filter Include="Body\Command">
      <UniqueIdentifier>{6dd4662a-707f-443b-af75-7a5439e14cfa}</UniqueIdentifier>
    </Filter>
  </ItemGroup>
  <ItemGroup>
    <ClInclude Include="pch.h">
      <Filter>헤더 파일</Filter>
    </ClInclude>
    <ClInclude Include="Packet.h">
      <Filter>헤더 파일</Filter>
    </ClInclude>
    <ClInclude Include="PacketStream.h">
      <Filter>헤더 파일</Filter>
    </ClInclude>
    <ClInclude Include="Define.h">
      <Filter>헤더 파일</Filter>
    </ClInclude>
    <ClInclude Include="Packets.h">
      <Filter>헤더 파일</Filter>
    </ClInclude>
    <ClInclude Include="ChattingCommandBody.h">
      <Filter>Body\Command</Filter>
    </ClInclude>
    <ClInclude Include="CommandBody.h">
      <Filter>Body\Command</Filter>
    </ClInclude>
    <ClInclude Include="ResponseBody.h">
      <Filter>Body\Command</Filter>
    </ClInclude>
    <ClInclude Include="EventBody.h">
      <Filter>Body\Event</Filter>
    </ClInclude>
    <ClInclude Include="ChattingEventBody.h">
      <Filter>Body\Event</Filter>
    </ClInclude>
    <ClInclude Include="MoveCommandBody.h">
      <Filter>Body\Command</Filter>
    </ClInclude>
    <ClInclude Include="MoveEventBody.h">
      <Filter>Body\Event</Filter>
    </ClInclude>
    <ClInclude Include="LoginCommandBody.h">
      <Filter>Body\Command</Filter>
    </ClInclude>
    <ClInclude Include="TeleportCommandBody.h">
      <Filter>Body\Command</Filter>
    </ClInclude>
  </ItemGroup>
  <ItemGroup>
    <ClCompile Include="pch.cpp">
      <Filter>소스 파일</Filter>
    </ClCompile>
    <ClCompile Include="Packet.cpp">
      <Filter>소스 파일</Filter>
    </ClCompile>
    <ClCompile Include="PacketStream.cpp">
      <Filter>소스 파일</Filter>
    </ClCompile>
    <ClCompile Include="ChattingCommandBody.cpp">
      <Filter>Body\Command</Filter>
    </ClCompile>
    <ClCompile Include="CommandBody.cpp">
      <Filter>Body\Command</Filter>
    </ClCompile>
    <ClCompile Include="ResponseBody.cpp">
      <Filter>Body\Command</Filter>
    </ClCompile>
    <ClCompile Include="EventBody.cpp">
      <Filter>Body\Event</Filter>
    </ClCompile>
    <ClCompile Include="ChattingEventBody.cpp">
      <Filter>Body\Event</Filter>
    </ClCompile>
    <ClCompile Include="MoveCommandBody.cpp">
      <Filter>Body\Command</Filter>
    </ClCompile>
    <ClCompile Include="MoveEventBody.cpp">
      <Filter>Body\Event</Filter>
    </ClCompile>
    <ClCompile Include="LoginCommandBody.cpp">
      <Filter>Body\Command</Filter>
    </ClCompile>
    <ClCompile Include="TeleportCommandBody.cpp">
      <Filter>Body\Command</Filter>
    </ClCompile>
  </ItemGroup>
</Project>